
Microsoft Visual Studio Solution File, Format Version 12.00
# Visual Studio 15
VisualStudioVersion = 15.0.26228.9
MinimumVisualStudioVersion = 10.0.40219.1
Project("{FAE04EC0-301F-11D3-BF4B-00C04F79EFBC}") = "SiteDownloader", "SiteDownloader\SiteDownloader.csproj", "{D6819460-E9D6-4E0F-86DF-8667D4356B34}"
EndProject
Project("{FAE04EC0-301F-11D3-BF4B-00C04F79EFBC}") = "ConsoleClient", "ConsoleClient\ConsoleClient.csproj", "{1CCDD477-D0CC-45E3-9584-B04429C4FCFB}"
EndProject
Global
	GlobalSection(SolutionConfigurationPlatforms) = preSolution
		Debug|Any CPU = Debug|Any CPU
		Release|Any CPU = Release|Any CPU
	EndGlobalSection
	GlobalSection(ProjectConfigurationPlatforms) = postSolution
		{D6819460-E9D6-4E0F-86DF-8667D4356B34}.Debug|Any CPU.ActiveCfg = Debug|Any CPU
		{D6819460-E9D6-4E0F-86DF-8667D4356B34}.Debug|Any CPU.Build.0 = Debug|Any CPU
		{D6819460-E9D6-4E0F-86DF-8667D4356B34}.Release|Any CPU.ActiveCfg = Release|Any CPU
		{D6819460-E9D6-4E0F-86DF-8667D4356B34}.Release|Any CPU.Build.0 = Release|Any CPU
		{1CCDD477-D0CC-45E3-9584-B04429C4FCFB}.Debug|Any CPU.ActiveCfg = Debug|Any CPU
		{1CCDD477-D0CC-45E3-9584-B04429C4FCFB}.Debug|Any CPU.Build.0 = Debug|Any CPU
		{1CCDD477-D0CC-45E3-9584-B04429C4FCFB}.Release|Any CPU.ActiveCfg = Release|Any CPU
		{1CCDD477-D0CC-45E3-9584-B04429C4FCFB}.Release|Any CPU.Build.0 = Release|Any CPU
	EndGlobalSection
	GlobalSection(SolutionProperties) = preSolution
		HideSolutionNode = FALSE
	EndGlobalSection
EndGlobal
